// !$*UTF8*$!
{
	archiveVersion = 1;
	classes = {
	};
	objectVersion = 56;
	objects = {

/* Begin PBXBuildFile section */
		FBC5ACE52BE3D23900309492 /* Swift_UI_1App.swift in Sources */ = {isa = PBXBuildFile; fileRef = FBC5ACE42BE3D23900309492 /* Swift_UI_1App.swift */; };
		FBC5ACE72BE3D23900309492 /* ContentView.swift in Sources */ = {isa = PBXBuildFile; fileRef = FBC5ACE62BE3D23900309492 /* ContentView.swift */; };
		FBC5ACE92BE3D23C00309492 /* Assets.xcassets in Resources */ = {isa = PBXBuildFile; fileRef = FBC5ACE82BE3D23C00309492 /* Assets.xcassets */; };
		FBC5ACEC2BE3D23C00309492 /* Preview Assets.xcassets in Resources */ = {isa = PBXBuildFile; fileRef = FBC5ACEB2BE3D23C00309492 /* Preview Assets.xcassets */; };
		FBC5ACF62BE3D23D00309492 /* Swift_UI_1Tests.swift in Sources */ = {isa = PBXBuildFile; fileRef = FBC5ACF52BE3D23D00309492 /* Swift_UI_1Tests.swift */; };
		FBC5AD002BE3D23D00309492 /* Swift_UI_1UITests.swift in Sources */ = {isa = PBXBuildFile; fileRef = FBC5ACFF2BE3D23D00309492 /* Swift_UI_1UITests.swift */; };
		FBC5AD022BE3D23D00309492 /* Swift_UI_1UITestsLaunchTests.swift in Sources */ = {isa = PBXBuildFile; fileRef = FBC5AD012BE3D23D00309492 /* Swift_UI_1UITestsLaunchTests.swift */; };
/* End PBXBuildFile section */

/* Begin PBXContainerItemProxy section */
		FBC5ACF22BE3D23D00309492 /* PBXContainerItemProxy */ = {
			isa = PBXContainerItemProxy;
			containerPortal = FBC5ACD92BE3D23900309492 /* Project object */;
			proxyType = 1;
			remoteGlobalIDString = FBC5ACE02BE3D23900309492;
			remoteInfo = "Swift UI 1";
		};
		FBC5ACFC2BE3D23D00309492 /* PBXContainerItemProxy */ = {
			isa = PBXContainerItemProxy;
			containerPortal = FBC5ACD92BE3D23900309492 /* Project object */;
			proxyType = 1;
			remoteGlobalIDString = FBC5ACE02BE3D23900309492;
			remoteInfo = "Swift UI 1";
		};
/* End PBXContainerItemProxy section */

/* Begin PBXFileReference section */
		FBC5ACE12BE3D23900309492 /* Swift UI 1.app */ = {isa = PBXFileReference; explicitFileType = wrapper.application; includeInIndex = 0; path = "Swift UI 1.app"; sourceTree = BUILT_PRODUCTS_DIR; };
		FBC5ACE42BE3D23900309492 /* Swift_UI_1App.swift */ = {isa = PBXFileReference; lastKnownFileType = sourcecode.swift; path = Swift_UI_1App.swift; sourceTree = "<group>"; };
		FBC5ACE62BE3D23900309492 /* ContentView.swift */ = {isa = PBXFileReference; lastKnownFileType = sourcecode.swift; path = ContentView.swift; sourceTree = "<group>"; };
		FBC5ACE82BE3D23C00309492 /* Assets.xcassets */ = {isa = PBXFileReference; lastKnownFileType = folder.assetcatalog; path = Assets.xcassets; sourceTree = "<group>"; };
		FBC5ACEB2BE3D23C00309492 /* Preview Assets.xcassets */ = {isa = PBXFileReference; lastKnownFileType = folder.assetcatalog; path = "Preview Assets.xcassets"; sourceTree = "<group>"; };
		FBC5ACF12BE3D23D00309492 /* Swift UI 1Tests.xctest */ = {isa = PBXFileReference; explicitFileType = wrapper.cfbundle; includeInIndex = 0; path = "Swift UI 1Tests.xctest"; sourceTree = BUILT_PRODUCTS_DIR; };
		FBC5ACF52BE3D23D00309492 /* Swift_UI_1Tests.swift */ = {isa = PBXFileReference; lastKnownFileType = sourcecode.swift; path = Swift_UI_1Tests.swift; sourceTree = "<group>"; };
		FBC5ACFB2BE3D23D00309492 /* Swift UI 1UITests.xctest */ = {isa = PBXFileReference; explicitFileType = wrapper.cfbundle; includeInIndex = 0; path = "Swift UI 1UITests.xctest"; sourceTree = BUILT_PRODUCTS_DIR; };
		FBC5ACFF2BE3D23D00309492 /* Swift_UI_1UITests.swift */ = {isa = PBXFileReference; lastKnownFileType = sourcecode.swift; path = Swift_UI_1UITests.swift; sourceTree = "<group>"; };
		FBC5AD012BE3D23D00309492 /* Swift_UI_1UITestsLaunchTests.swift */ = {isa = PBXFileReference; lastKnownFileType = sourcecode.swift; path = Swift_UI_1UITestsLaunchTests.swift; sourceTree = "<group>"; };
/* End PBXFileReference section */

/* Begin PBXFrameworksBuildPhase section */
		FBC5ACDE2BE3D23900309492 /* Frameworks */ = {
			isa = PBXFrameworksBuildPhase;
			buildActionMask = 2147483647;
			files = (
			);
			runOnlyForDeploymentPostprocessing = 0;
		};
		FBC5ACEE2BE3D23D00309492 /* Frameworks */ = {
			isa = PBXFrameworksBuildPhase;
			buildActionMask = 2147483647;
			files = (
			);
			runOnlyForDeploymentPostprocessing = 0;
		};
		FBC5ACF82BE3D23D00309492 /* Frameworks */ = {
			isa = PBXFrameworksBuildPhase;
			buildActionMask = 2147483647;
			files = (
			);
			runOnlyForDeploymentPostprocessing = 0;
		};
/* End PBXFrameworksBuildPhase section */

/* Begin PBXGroup section */
		FBC5ACD82BE3D23900309492 = {
			isa = PBXGroup;
			children = (
				FBC5ACE32BE3D23900309492 /* Swift UI 1 */,
				FBC5ACF42BE3D23D00309492 /* Swift UI 1Tests */,
				FBC5ACFE2BE3D23D00309492 /* Swift UI 1UITests */,
				FBC5ACE22BE3D23900309492 /* Products */,
			);
			sourceTree = "<group>";
		};
		FBC5ACE22BE3D23900309492 /* Products */ = {
			isa = PBXGroup;
			children = (
				FBC5ACE12BE3D23900309492 /* Swift UI 1.app */,
				FBC5ACF12BE3D23D00309492 /* Swift UI 1Tests.xctest */,
				FBC5ACFB2BE3D23D00309492 /* Swift UI 1UITests.xctest */,
			);
			name = Products;
			sourceTree = "<group>";
		};
		FBC5ACE32BE3D23900309492 /* Swift UI 1 */ = {
			isa = PBXGroup;
			children = (
				FBC5ACE42BE3D23900309492 /* Swift_UI_1App.swift */,
				FBC5ACE62BE3D23900309492 /* ContentView.swift */,
				FBC5ACE82BE3D23C00309492 /* Assets.xcassets */,
				FBC5ACEA2BE3D23C00309492 /* Preview Content */,
			);
			path = "Swift UI 1";
			sourceTree = "<group>";
		};
		FBC5ACEA2BE3D23C00309492 /* Preview Content */ = {
			isa = PBXGroup;
			children = (
				FBC5ACEB2BE3D23C00309492 /* Preview Assets.xcassets */,
			);
			path = "Preview Content";
			sourceTree = "<group>";
		};
		FBC5ACF42BE3D23D00309492 /* Swift UI 1Tests */ = {
			isa = PBXGroup;
			children = (
				FBC5ACF52BE3D23D00309492 /* Swift_UI_1Tests.swift */,
			);
			path = "Swift UI 1Tests";
			sourceTree = "<group>";
		};
		FBC5ACFE2BE3D23D00309492 /* Swift UI 1UITests */ = {
			isa = PBXGroup;
			children = (
				FBC5ACFF2BE3D23D00309492 /* Swift_UI_1UITests.swift */,
				FBC5AD012BE3D23D00309492 /* Swift_UI_1UITestsLaunchTests.swift */,
			);
			path = "Swift UI 1UITests";
			sourceTree = "<group>";
		};
/* End PBXGroup section */

/* Begin PBXNativeTarget section */
		FBC5ACE02BE3D23900309492 /* Swift UI 1 */ = {
			isa = PBXNativeTarget;
			buildConfigurationList = FBC5AD052BE3D23D00309492 /* Build configuration list for PBXNativeTarget "Swift UI 1" */;
			buildPhases = (
				FBC5ACDD2BE3D23900309492 /* Sources */,
				FBC5ACDE2BE3D23900309492 /* Frameworks */,
				FBC5ACDF2BE3D23900309492 /* Resources */,
			);
			buildRules = (
			);
			dependencies = (
			);
			name = "Swift UI 1";
			productName = "Swift UI 1";
			productReference = FBC5ACE12BE3D23900309492 /* Swift UI 1.app */;
			productType = "com.apple.product-type.application";
		};
		FBC5ACF02BE3D23D00309492 /* Swift UI 1Tests */ = {
			isa = PBXNativeTarget;
			buildConfigurationList = FBC5AD082BE3D23D00309492 /* Build configuration list for PBXNativeTarget "Swift UI 1Tests" */;
			buildPhases = (
				FBC5ACED2BE3D23D00309492 /* Sources */,
				FBC5ACEE2BE3D23D00309492 /* Frameworks */,
				FBC5ACEF2BE3D23D00309492 /* Resources */,
			);
			buildRules = (
			);
			dependencies = (
				FBC5ACF32BE3D23D00309492 /* PBXTargetDependency */,
			);
			name = "Swift UI 1Tests";
			productName = "Swift UI 1Tests";
			productReference = FBC5ACF12BE3D23D00309492 /* Swift UI 1Tests.xctest */;
			productType = "com.apple.product-type.bundle.unit-test";
		};
		FBC5ACFA2BE3D23D00309492 /* Swift UI 1UITests */ = {
			isa = PBXNativeTarget;
			buildConfigurationList = FBC5AD0B2BE3D23D00309492 /* Build configuration list for PBXNativeTarget "Swift UI 1UITests" */;
			buildPhases = (
				FBC5ACF72BE3D23D00309492 /* Sources */,
				FBC5ACF82BE3D23D00309492 /* Frameworks */,
				FBC5ACF92BE3D23D00309492 /* Resources */,
			);
			buildRules = (
			);
			dependencies = (
				FBC5ACFD2BE3D23D00309492 /* PBXTargetDependency */,
			);
			name = "Swift UI 1UITests";
			productName = "Swift UI 1UITests";
			productReference = FBC5ACFB2BE3D23D00309492 /* Swift UI 1UITests.xctest */;
			productType = "com.apple.product-type.bundle.ui-testing";
		};
/* End PBXNativeTarget section */

/* Begin PBXProject section */
		FBC5ACD92BE3D23900309492 /* Project object */ = {
			isa = PBXProject;
			attributes = {
				BuildIndependentTargetsInParallel = 1;
				LastSwiftUpdateCheck = 1520;
				LastUpgradeCheck = 1520;
				TargetAttributes = {
					FBC5ACE02BE3D23900309492 = {
						CreatedOnToolsVersion = 15.2;
					};
					FBC5ACF02BE3D23D00309492 = {
						CreatedOnToolsVersion = 15.2;
						TestTargetID = FBC5ACE02BE3D23900309492;
					};
					FBC5ACFA2BE3D23D00309492 = {
						CreatedOnToolsVersion = 15.2;
						TestTargetID = FBC5ACE02BE3D23900309492;
					};
				};
			};
			buildConfigurationList = FBC5ACDC2BE3D23900309492 /* Build configuration list for PBXProject "Swift UI 1" */;
			compatibilityVersion = "Xcode 14.0";
			developmentRegion = en;
			hasScannedForEncodings = 0;
			knownRegions = (
				en,
				Base,
			);
			mainGroup = FBC5ACD82BE3D23900309492;
			productRefGroup = FBC5ACE22BE3D23900309492 /* Products */;
			projectDirPath = "";
			projectRoot = "";
			targets = (
				FBC5ACE02BE3D23900309492 /* Swift UI 1 */,
				FBC5ACF02BE3D23D00309492 /* Swift UI 1Tests */,
				FBC5ACFA2BE3D23D00309492 /* Swift UI 1UITests */,
			);
		};
/* End PBXProject section */

/* Begin PBXResourcesBuildPhase section */
		FBC5ACDF2BE3D23900309492 /* Resources */ = {
			isa = PBXResourcesBuildPhase;
			buildActionMask = 2147483647;
			files = (
				FBC5ACEC2BE3D23C00309492 /* Preview Assets.xcassets in Resources */,
				FBC5ACE92BE3D23C00309492 /* Assets.xcassets in Resources */,
			);
			runOnlyForDeploymentPostprocessing = 0;
		};
		FBC5ACEF2BE3D23D00309492 /* Resources */ = {
			isa = PBXResourcesBuildPhase;
			buildActionMask = 2147483647;
			files = (
			);
			runOnlyForDeploymentPostprocessing = 0;
		};
		FBC5ACF92BE3D23D00309492 /* Resources */ = {
			isa = PBXResourcesBuildPhase;
			buildActionMask = 2147483647;
			files = (
			);
			runOnlyForDeploymentPostprocessing = 0;
		};
/* End PBXResourcesBuildPhase section */

/* Begin PBXSourcesBuildPhase section */
		FBC5ACDD2BE3D23900309492 /* Sources */ = {
			isa = PBXSourcesBuildPhase;
			buildActionMask = 2147483647;
			files = (
				FBC5ACE72BE3D23900309492 /* ContentView.swift in Sources */,
				FBC5ACE52BE3D23900309492 /* Swift_UI_1App.swift in Sources */,
			);
			runOnlyForDeploymentPostprocessing = 0;
		};
		FBC5ACED2BE3D23D00309492 /* Sources */ = {
			isa = PBXSourcesBuildPhase;
			buildActionMask = 2147483647;
			files = (
				FBC5ACF62BE3D23D00309492 /* Swift_UI_1Tests.swift in Sources */,
			);
			runOnlyForDeploymentPostprocessing = 0;
		};
		FBC5ACF72BE3D23D00309492 /* Sources */ = {
			isa = PBXSourcesBuildPhase;
			buildActionMask = 2147483647;
			files = (
				FBC5AD022BE3D23D00309492 /* Swift_UI_1UITestsLaunchTests.swift in Sources */,
				FBC5AD002BE3D23D00309492 /* Swift_UI_1UITests.swift in Sources */,
			);
			runOnlyForDeploymentPostprocessing = 0;
		};
/* End PBXSourcesBuildPhase section */

/* Begin PBXTargetDependency section */
		FBC5ACF32BE3D23D00309492 /* PBXTargetDependency */ = {
			isa = PBXTargetDependency;
			target = FBC5ACE02BE3D23900309492 /* Swift UI 1 */;
			targetProxy = FBC5ACF22BE3D23D00309492 /* PBXContainerItemProxy */;
		};
		FBC5ACFD2BE3D23D00309492 /* PBXTargetDependency */ = {
			isa = PBXTargetDependency;
			target = FBC5ACE02BE3D23900309492 /* Swift UI 1 */;
			targetProxy = FBC5ACFC2BE3D23D00309492 /* PBXContainerItemProxy */;
		};
/* End PBXTargetDependency section */

/* Begin XCBuildConfiguration section */
		FBC5AD032BE3D23D00309492 /* Debug */ = {
			isa = XCBuildConfiguration;
			buildSettings = {
				ALWAYS_SEARCH_USER_PATHS = NO;
				ASSETCATALOG_COMPILER_GENERATE_SWIFT_ASSET_SYMBOL_EXTENSIONS = YES;
				CLANG_ANALYZER_NONNULL = YES;
				CLANG_ANALYZER_NUMBER_OBJECT_CONVERSION = YES_AGGRESSIVE;
				CLANG_CXX_LANGUAGE_STANDARD = "gnu++20";
				CLANG_ENABLE_MODULES = YES;
				CLANG_ENABLE_OBJC_ARC = YES;
				CLANG_ENABLE_OBJC_WEAK = YES;
				CLANG_WARN_BLOCK_CAPTURE_AUTORELEASING = YES;
				CLANG_WARN_BOOL_CONVERSION = YES;
				CLANG_WARN_COMMA = YES;
				CLANG_WARN_CONSTANT_CONVERSION = YES;
				CLANG_WARN_DEPRECATED_OBJC_IMPLEMENTATIONS = YES;
				CLANG_WARN_DIRECT_OBJC_ISA_USAGE = YES_ERROR;
				CLANG_WARN_DOCUMENTATION_COMMENTS = YES;
				CLANG_WARN_EMPTY_BODY = YES;
				CLANG_WARN_ENUM_CONVERSION = YES;
				CLANG_WARN_INFINITE_RECURSION = YES;
				CLANG_WARN_INT_CONVERSION = YES;
				CLANG_WARN_NON_LITERAL_NULL_CONVERSION = YES;
				CLANG_WARN_OBJC_IMPLICIT_RETAIN_SELF = YES;
				CLANG_WARN_OBJC_LITERAL_CONVERSION = YES;
				CLANG_WARN_OBJC_ROOT_CLASS = YES_ERROR;
				CLANG_WARN_QUOTED_INCLUDE_IN_FRAMEWORK_HEADER = YES;
				CLANG_WARN_RANGE_LOOP_ANALYSIS = YES;
				CLANG_WARN_STRICT_PROTOTYPES = YES;
				CLANG_WARN_SUSPICIOUS_MOVE = YES;
				CLANG_WARN_UNGUARDED_AVAILABILITY = YES_AGGRESSIVE;
				CLANG_WARN_UNREACHABLE_CODE = YES;
				CLANG_WARN__DUPLICATE_METHOD_MATCH = YES;
				COPY_PHASE_STRIP = NO;
				DEBUG_INFORMATION_FORMAT = dwarf;
				ENABLE_STRICT_OBJC_MSGSEND = YES;
				ENABLE_TESTABILITY = YES;
				ENABLE_USER_SCRIPT_SANDBOXING = YES;
				GCC_C_LANGUAGE_STANDARD = gnu17;
				GCC_DYNAMIC_NO_PIC = NO;
				GCC_NO_COMMON_BLOCKS = YES;
				GCC_OPTIMIZATION_LEVEL = 0;
				GCC_PREPROCESSOR_DEFINITIONS = (
					"DEBUG=1",
					"$(inherited)",
				);
				GCC_WARN_64_TO_32_BIT_CONVERSION = YES;
				GCC_WARN_ABOUT_RETURN_TYPE = YES_ERROR;
				GCC_WARN_UNDECLARED_SELECTOR = YES;
				GCC_WARN_UNINITIALIZED_AUTOS = YES_AGGRESSIVE;
				GCC_WARN_UNUSED_FUNCTION = YES;
				GCC_WARN_UNUSED_VARIABLE = YES;
				IPHONEOS_DEPLOYMENT_TARGET = 17.2;
				LOCALIZATION_PREFERS_STRING_CATALOGS = YES;
				MTL_ENABLE_DEBUG_INFO = INCLUDE_SOURCE;
				MTL_FAST_MATH = YES;
				ONLY_ACTIVE_ARCH = YES;
				SDKROOT = iphoneos;
				SWIFT_ACTIVE_COMPILATION_CONDITIONS = "DEBUG $(inherited)";
				SWIFT_OPTIMIZATION_LEVEL = "-Onone";
			};
			name = Debug;
		};
		FBC5AD042BE3D23D00309492 /* Release */ = {
			isa = XCBuildConfiguration;
			buildSettings = {
				ALWAYS_SEARCH_USER_PATHS = NO;
				ASSETCATALOG_COMPILER_GENERATE_SWIFT_ASSET_SYMBOL_EXTENSIONS = YES;
				CLANG_ANALYZER_NONNULL = YES;
				CLANG_ANALYZER_NUMBER_OBJECT_CONVERSION = YES_AGGRESSIVE;
				CLANG_CXX_LANGUAGE_STANDARD = "gnu++20";
				CLANG_ENABLE_MODULES = YES;
				CLANG_ENABLE_OBJC_ARC = YES;
				CLANG_ENABLE_OBJC_WEAK = YES;
				CLANG_WARN_BLOCK_CAPTURE_AUTORELEASING = YES;
				CLANG_WARN_BOOL_CONVERSION = YES;
				CLANG_WARN_COMMA = YES;
				CLANG_WARN_CONSTANT_CONVERSION = YES;
				CLANG_WARN_DEPRECATED_OBJC_IMPLEMENTATIONS = YES;
				CLANG_WARN_DIRECT_OBJC_ISA_USAGE = YES_ERROR;
				CLANG_WARN_DOCUMENTATION_COMMENTS = YES;
				CLANG_WARN_EMPTY_BODY = YES;
				CLANG_WARN_ENUM_CONVERSION = YES;
				CLANG_WARN_INFINITE_RECURSION = YES;
				CLANG_WARN_INT_CONVERSION = YES;
				CLANG_WARN_NON_LITERAL_NULL_CONVERSION = YES;
				CLANG_WARN_OBJC_IMPLICIT_RETAIN_SELF = YES;
				CLANG_WARN_OBJC_LITERAL_CONVERSION = YES;
				CLANG_WARN_OBJC_ROOT_CLASS = YES_ERROR;
				CLANG_WARN_QUOTED_INCLUDE_IN_FRAMEWORK_HEADER = YES;
				CLANG_WARN_RANGE_LOOP_ANALYSIS = YES;
				CLANG_WARN_STRICT_PROTOTYPES = YES;
				CLANG_WARN_SUSPICIOUS_MOVE = YES;
				CLANG_WARN_UNGUARDED_AVAILABILITY = YES_AGGRESSIVE;
				CLANG_WARN_UNREACHABLE_CODE = YES;
				CLANG_WARN__DUPLICATE_METHOD_MATCH = YES;
				COPY_PHASE_STRIP = NO;
				DEBUG_INFORMATION_FORMAT = "dwarf-with-dsym";
				ENABLE_NS_ASSERTIONS = NO;
				ENABLE_STRICT_OBJC_MSGSEND = YES;
				ENABLE_USER_SCRIPT_SANDBOXING = YES;
				GCC_C_LANGUAGE_STANDARD = gnu17;
				GCC_NO_COMMON_BLOCKS = YES;
				GCC_WARN_64_TO_32_BIT_CONVERSION = YES;
				GCC_WARN_ABOUT_RETURN_TYPE = YES_ERROR;
				GCC_WARN_UNDECLARED_SELECTOR = YES;
				GCC_WARN_UNINITIALIZED_AUTOS = YES_AGGRESSIVE;
				GCC_WARN_UNUSED_FUNCTION = YES;
				GCC_WARN_UNUSED_VARIABLE = YES;
				IPHONEOS_DEPLOYMENT_TARGET = 17.2;
				LOCALIZATION_PREFERS_STRING_CATALOGS = YES;
				MTL_ENABLE_DEBUG_INFO = NO;
				MTL_FAST_MATH = YES;
				SDKROOT = iphoneos;
				SWIFT_COMPILATION_MODE = wholemodule;
				VALIDATE_PRODUCT = YES;
			};
			name = Release;
		};
		FBC5AD062BE3D23D00309492 /* Debug */ = {
			isa = XCBuildConfiguration;
			buildSettings = {
				ASSETCATALOG_COMPILER_APPICON_NAME = AppIcon;
				ASSETCATALOG_COMPILER_GLOBAL_ACCENT_COLOR_NAME = AccentColor;
				CODE_SIGN_STYLE = Automatic;
				CURRENT_PROJECT_VERSION = 1;
				DEVELOPMENT_ASSET_PATHS = "\"Swift UI 1/Preview Content\"";
				DEVELOPMENT_TEAM = 5QBUTFAAPM;
				ENABLE_PREVIEWS = YES;
				GENERATE_INFOPLIST_FILE = YES;
				INFOPLIST_KEY_UIApplicationSceneManifest_Generation = YES;
				INFOPLIST_KEY_UIApplicationSupportsIndirectInputEvents = YES;
				INFOPLIST_KEY_UILaunchScreen_Generation = YES;
				INFOPLIST_KEY_UISupportedInterfaceOrientations_iPad = "UIInterfaceOrientationPortrait UIInterfaceOrientationPortraitUpsideDown UIInterfaceOrientationLandscapeLeft UIInterfaceOrientationLandscapeRight";
				INFOPLIST_KEY_UISupportedInterfaceOrientations_iPhone = "UIInterfaceOrientationPortrait UIInterfaceOrientationLandscapeLeft UIInterfaceOrientationLandscapeRight";
				LD_RUNPATH_SEARCH_PATHS = (
					"$(inherited)",
					"@executable_path/Frameworks",
				);
				MARKETING_VERSION = 1.0;
				PRODUCT_BUNDLE_IDENTIFIER = "com.kozlov.Swift-UI-1";
				PRODUCT_NAME = "$(TARGET_NAME)";
				SWIFT_EMIT_LOC_STRINGS = YES;
				SWIFT_VERSION = 5.0;
				TARGETED_DEVICE_FAMILY = "1,2";
			};
			name = Debug;
		};
		FBC5AD072BE3D23D00309492 /* Release */ = {
			isa = XCBuildConfiguration;
			buildSettings = {
				ASSETCATALOG_COMPILER_APPICON_NAME = AppIcon;
				ASSETCATALOG_COMPILER_GLOBAL_ACCENT_COLOR_NAME = AccentColor;
				CODE_SIGN_STYLE = Automatic;
				CURRENT_PROJECT_VERSION = 1;
				DEVELOPMENT_ASSET_PATHS = "\"Swift UI 1/Preview Content\"";
				DEVELOPMENT_TEAM = 5QBUTFAAPM;
				ENABLE_PREVIEWS = YES;
				GENERATE_INFOPLIST_FILE = YES;
				INFOPLIST_KEY_UIApplicationSceneManifest_Generation = YES;
				INFOPLIST_KEY_UIApplicationSupportsIndirectInputEvents = YES;
				INFOPLIST_KEY_UILaunchScreen_Generation = YES;
				INFOPLIST_KEY_UISupportedInterfaceOrientations_iPad = "UIInterfaceOrientationPortrait UIInterfaceOrientationPortraitUpsideDown UIInterfaceOrientationLandscapeLeft UIInterfaceOrientationLandscapeRight";
				INFOPLIST_KEY_UISupportedInterfaceOrientations_iPhone = "UIInterfaceOrientationPortrait UIInterfaceOrientationLandscapeLeft UIInterfaceOrientationLandscapeRight";
				LD_RUNPATH_SEARCH_PATHS = (
					"$(inherited)",
					"@executable_path/Frameworks",
				);
				MARKETING_VERSION = 1.0;
				PRODUCT_BUNDLE_IDENTIFIER = "com.kozlov.Swift-UI-1";
				PRODUCT_NAME = "$(TARGET_NAME)";
				SWIFT_EMIT_LOC_STRINGS = YES;
				SWIFT_VERSION = 5.0;
				TARGETED_DEVICE_FAMILY = "1,2";
			};
			name = Release;
		};
		FBC5AD092BE3D23D00309492 /* Debug */ = {
			isa = XCBuildConfiguration;
			buildSettings = {
				ALWAYS_EMBED_SWIFT_STANDARD_LIBRARIES = YES;
				BUNDLE_LOADER = "$(TEST_HOST)";
				CODE_SIGN_STYLE = Automatic;
				CURRENT_PROJECT_VERSION = 1;
				DEVELOPMENT_TEAM = 5QBUTFAAPM;
				GENERATE_INFOPLIST_FILE = YES;
				IPHONEOS_DEPLOYMENT_TARGET = 17.2;
				MARKETING_VERSION = 1.0;
				PRODUCT_BUNDLE_IDENTIFIER = "com.kozlov.Swift-UI-1Tests";
				PRODUCT_NAME = "$(TARGET_NAME)";
				SWIFT_EMIT_LOC_STRINGS = NO;
				SWIFT_VERSION = 5.0;
				TARGETED_DEVICE_FAMILY = "1,2";
				TEST_HOST = "$(BUILT_PRODUCTS_DIR)/Swift UI 1.app/$(BUNDLE_EXECUTABLE_FOLDER_PATH)/Swift UI 1";
			};
			name = Debug;
		};
		FBC5AD0A2BE3D23D00309492 /* Release */ = {
			isa = XCBuildConfiguration;
			buildSettings = {
				ALWAYS_EMBED_SWIFT_STANDARD_LIBRARIES = YES;
				BUNDLE_LOADER = "$(TEST_HOST)";
				CODE_SIGN_STYLE = Automatic;
				CURRENT_PROJECT_VERSION = 1;
				DEVELOPMENT_TEAM = 5QBUTFAAPM;
				GENERATE_INFOPLIST_FILE = YES;
				IPHONEOS_DEPLOYMENT_TARGET = 17.2;
				MARKETING_VERSION = 1.0;
				PRODUCT_BUNDLE_IDENTIFIER = "com.kozlov.Swift-UI-1Tests";
				PRODUCT_NAME = "$(TARGET_NAME)";
				SWIFT_EMIT_LOC_STRINGS = NO;
				SWIFT_VERSION = 5.0;
				TARGETED_DEVICE_FAMILY = "1,2";
				TEST_HOST = "$(BUILT_PRODUCTS_DIR)/Swift UI 1.app/$(BUNDLE_EXECUTABLE_FOLDER_PATH)/Swift UI 1";
			};
			name = Release;
		};
		FBC5AD0C2BE3D23D00309492 /* Debug */ = {
			isa = XCBuildConfiguration;
			buildSettings = {
				ALWAYS_EMBED_SWIFT_STANDARD_LIBRARIES = YES;
				CODE_SIGN_STYLE = Automatic;
				CURRENT_PROJECT_VERSION = 1;
				DEVELOPMENT_TEAM = 5QBUTFAAPM;
				GENERATE_INFOPLIST_FILE = YES;
				MARKETING_VERSION = 1.0;
				PRODUCT_BUNDLE_IDENTIFIER = "com.kozlov.Swift-UI-1UITests";
				PRODUCT_NAME = "$(TARGET_NAME)";
				SWIFT_EMIT_LOC_STRINGS = NO;
				SWIFT_VERSION = 5.0;
				TARGETED_DEVICE_FAMILY = "1,2";
				TEST_TARGET_NAME = "Swift UI 1";
			};
			name = Debug;
		};
		FBC5AD0D2BE3D23D00309492 /* Release */ = {
			isa = XCBuildConfiguration;
			buildSettings = {
				ALWAYS_EMBED_SWIFT_STANDARD_LIBRARIES = YES;
				CODE_SIGN_STYLE = Automatic;
				CURRENT_PROJECT_VERSION = 1;
				DEVELOPMENT_TEAM = 5QBUTFAAPM;
				GENERATE_INFOPLIST_FILE = YES;
				MARKETING_VERSION = 1.0;
				PRODUCT_BUNDLE_IDENTIFIER = "com.kozlov.Swift-UI-1UITests";
				PRODUCT_NAME = "$(TARGET_NAME)";
				SWIFT_EMIT_LOC_STRINGS = NO;
				SWIFT_VERSION = 5.0;
				TARGETED_DEVICE_FAMILY = "1,2";
				TEST_TARGET_NAME = "Swift UI 1";
			};
			name = Release;
		};
/* End XCBuildConfiguration section */

/* Begin XCConfigurationList section */
		FBC5ACDC2BE3D23900309492 /* Build configuration list for PBXProject "Swift UI 1" */ = {
			isa = XCConfigurationList;
			buildConfigurations = (
				FBC5AD032BE3D23D00309492 /* Debug */,
				FBC5AD042BE3D23D00309492 /* Release */,
			);
			defaultConfigurationIsVisible = 0;
			defaultConfigurationName = Release;
		};
		FBC5AD052BE3D23D00309492 /* Build configuration list for PBXNativeTarget "Swift UI 1" */ = {
			isa = XCConfigurationList;
			buildConfigurations = (
				FBC5AD062BE3D23D00309492 /* Debug */,
				FBC5AD072BE3D23D00309492 /* Release */,
			);
			defaultConfigurationIsVisible = 0;
			defaultConfigurationName = Release;
		};
		FBC5AD082BE3D23D00309492 /* Build configuration list for PBXNativeTarget "Swift UI 1Tests" */ = {
			isa = XCConfigurationList;
			buildConfigurations = (
				FBC5AD092BE3D23D00309492 /* Debug */,
				FBC5AD0A2BE3D23D00309492 /* Release */,
			);
			defaultConfigurationIsVisible = 0;
			defaultConfigurationName = Release;
		};
		FBC5AD0B2BE3D23D00309492 /* Build configuration list for PBXNativeTarget "Swift UI 1UITests" */ = {
			isa = XCConfigurationList;
			buildConfigurations = (
				FBC5AD0C2BE3D23D00309492 /* Debug */,
				FBC5AD0D2BE3D23D00309492 /* Release */,
			);
			defaultConfigurationIsVisible = 0;
			defaultConfigurationName = Release;
		};
/* End XCConfigurationList section */
	};
	rootObject = FBC5ACD92BE3D23900309492 /* Project object */;
}
